// !$*UTF8*$!
{
	archiveVersion = 1;
	classes = {
	};
	objectVersion = 46;
	objects = {

/* Begin PBXBuildFile section */
		27A898CB1E28E79E00183C0D /* Apple.cpp in Sources */ = {isa = PBXBuildFile; fileRef = 27A898C31E28E79E00183C0D /* Apple.cpp */; };
		27A898CC1E28E79E00183C0D /* GameBase.cpp in Sources */ = {isa = PBXBuildFile; fileRef = 27A898C41E28E79E00183C0D /* GameBase.cpp */; };
		27A898CD1E28E79E00183C0D /* GameEngine.cpp in Sources */ = {isa = PBXBuildFile; fileRef = 27A898C51E28E79E00183C0D /* GameEngine.cpp */; };
		27A898CE1E28E79E00183C0D /* GlutBackend.cpp in Sources */ = {isa = PBXBuildFile; fileRef = 27A898C61E28E79E00183C0D /* GlutBackend.cpp */; };
		27A898CF1E28E79E00183C0D /* main.cpp in Sources */ = {isa = PBXBuildFile; fileRef = 27A898C71E28E79E00183C0D /* main.cpp */; };
		27A898D11E28E79E00183C0D /* Snake.cpp in Sources */ = {isa = PBXBuildFile; fileRef = 27A898C91E28E79E00183C0D /* Snake.cpp */; };
		27A898D21E28E79E00183C0D /* util.cpp in Sources */ = {isa = PBXBuildFile; fileRef = 27A898CA1E28E79E00183C0D /* util.cpp */; };
		27BEC35F1E28CC0200450877 /* OpenGL.framework in Frameworks */ = {isa = PBXBuildFile; fileRef = 27BEC35E1E28CC0200450877 /* OpenGL.framework */; };
		27BEC3611E28CE5400450877 /* GLUT.framework in Frameworks */ = {isa = PBXBuildFile; fileRef = 27BEC3601E28CE5400450877 /* GLUT.framework */; };
/* End PBXBuildFile section */

/* Begin PBXCopyFilesBuildPhase section */
		27BEC3401E28CB8D00450877 /* CopyFiles */ = {
			isa = PBXCopyFilesBuildPhase;
			buildActionMask = 2147483647;
			dstPath = /usr/share/man/man1/;
			dstSubfolderSpec = 0;
			files = (
			);
			runOnlyForDeploymentPostprocessing = 1;
		};
/* End PBXCopyFilesBuildPhase section */

/* Begin PBXFileReference section */
		27A898C21E28E79E00183C0D /* header */ = {isa = PBXFileReference; lastKnownFileType = folder; name = header; path = src/header; sourceTree = "<group>"; };
		27A898C31E28E79E00183C0D /* Apple.cpp */ = {isa = PBXFileReference; fileEncoding = 4; lastKnownFileType = sourcecode.cpp.cpp; name = Apple.cpp; path = src/Apple.cpp; sourceTree = "<group>"; };
		27A898C41E28E79E00183C0D /* GameBase.cpp */ = {isa = PBXFileReference; fileEncoding = 4; lastKnownFileType = sourcecode.cpp.cpp; name = GameBase.cpp; path = src/GameBase.cpp; sourceTree = "<group>"; };
		27A898C51E28E79E00183C0D /* GameEngine.cpp */ = {isa = PBXFileReference; fileEncoding = 4; lastKnownFileType = sourcecode.cpp.cpp; name = GameEngine.cpp; path = src/GameEngine.cpp; sourceTree = "<group>"; };
		27A898C61E28E79E00183C0D /* GlutBackend.cpp */ = {isa = PBXFileReference; fileEncoding = 4; lastKnownFileType = sourcecode.cpp.cpp; name = GlutBackend.cpp; path = src/GlutBackend.cpp; sourceTree = "<group>"; };
		27A898C71E28E79E00183C0D /* main.cpp */ = {isa = PBXFileReference; fileEncoding = 4; lastKnownFileType = sourcecode.cpp.cpp; name = main.cpp; path = src/main.cpp; sourceTree = "<group>"; };
		27A898C91E28E79E00183C0D /* Snake.cpp */ = {isa = PBXFileReference; fileEncoding = 4; lastKnownFileType = sourcecode.cpp.cpp; name = Snake.cpp; path = src/Snake.cpp; sourceTree = "<group>"; };
		27A898CA1E28E79E00183C0D /* util.cpp */ = {isa = PBXFileReference; fileEncoding = 4; lastKnownFileType = sourcecode.cpp.cpp; name = util.cpp; path = src/util.cpp; sourceTree = "<group>"; };
		27BEC3421E28CB8D00450877 /* SnakeMac */ = {isa = PBXFileReference; explicitFileType = "compiled.mach-o.executable"; includeInIndex = 0; path = SnakeMac; sourceTree = BUILT_PRODUCTS_DIR; };
		27BEC35E1E28CC0200450877 /* OpenGL.framework */ = {isa = PBXFileReference; lastKnownFileType = wrapper.framework; name = OpenGL.framework; path = System/Library/Frameworks/OpenGL.framework; sourceTree = SDKROOT; };
		27BEC3601E28CE5400450877 /* GLUT.framework */ = {isa = PBXFileReference; lastKnownFileType = wrapper.framework; name = GLUT.framework; path = System/Library/Frameworks/GLUT.framework; sourceTree = SDKROOT; };
/* End PBXFileReference section */

/* Begin PBXFrameworksBuildPhase section */
		27BEC33F1E28CB8D00450877 /* Frameworks */ = {
			isa = PBXFrameworksBuildPhase;
			buildActionMask = 2147483647;
			files = (
				27BEC3611E28CE5400450877 /* GLUT.framework in Frameworks */,
				27BEC35F1E28CC0200450877 /* OpenGL.framework in Frameworks */,
			);
			runOnlyForDeploymentPostprocessing = 0;
		};
/* End PBXFrameworksBuildPhase section */

/* Begin PBXGroup section */
		27BEC3391E28CB8D00450877 = {
			isa = PBXGroup;
			children = (
				27A898C21E28E79E00183C0D /* header */,
				27A898C31E28E79E00183C0D /* Apple.cpp */,
				27A898C41E28E79E00183C0D /* GameBase.cpp */,
				27A898C51E28E79E00183C0D /* GameEngine.cpp */,
				27A898C61E28E79E00183C0D /* GlutBackend.cpp */,
				27A898C71E28E79E00183C0D /* main.cpp */,
				27A898C91E28E79E00183C0D /* Snake.cpp */,
				27A898CA1E28E79E00183C0D /* util.cpp */,
				27BEC3431E28CB8D00450877 /* Products */,
				27BEC35D1E28CC0200450877 /* Frameworks */,
			);
			sourceTree = "<group>";
		};
		27BEC3431E28CB8D00450877 /* Products */ = {
			isa = PBXGroup;
			children = (
				27BEC3421E28CB8D00450877 /* SnakeMac */,
			);
			name = Products;
			sourceTree = "<group>";
		};
		27BEC35D1E28CC0200450877 /* Frameworks */ = {
			isa = PBXGroup;
			children = (
				27BEC3601E28CE5400450877 /* GLUT.framework */,
				27BEC35E1E28CC0200450877 /* OpenGL.framework */,
			);
			name = Frameworks;
			sourceTree = "<group>";
		};
/* End PBXGroup section */

/* Begin PBXNativeTarget section */
		27BEC3411E28CB8D00450877 /* SnakeMac */ = {
			isa = PBXNativeTarget;
			buildConfigurationList = 27BEC3491E28CB8E00450877 /* Build configuration list for PBXNativeTarget "SnakeMac" */;
			buildPhases = (
				27BEC33E1E28CB8D00450877 /* Sources */,
				27BEC33F1E28CB8D00450877 /* Frameworks */,
				27BEC3401E28CB8D00450877 /* CopyFiles */,
			);
			buildRules = (
			);
			dependencies = (
			);
			name = SnakeMac;
			productName = SnakeMac;
			productReference = 27BEC3421E28CB8D00450877 /* SnakeMac */;
			productType = "com.apple.product-type.tool";
		};
/* End PBXNativeTarget section */

/* Begin PBXProject section */
		27BEC33A1E28CB8D00450877 /* Project object */ = {
			isa = PBXProject;
			attributes = {
				LastUpgradeCheck = 0820;
				ORGANIZATIONNAME = Mike;
				TargetAttributes = {
					27BEC3411E28CB8D00450877 = {
						CreatedOnToolsVersion = 8.2.1;
						ProvisioningStyle = Automatic;
					};
				};
			};
			buildConfigurationList = 27BEC33D1E28CB8D00450877 /* Build configuration list for PBXProject "Snake" */;
			compatibilityVersion = "Xcode 3.2";
			developmentRegion = English;
			hasScannedForEncodings = 0;
			knownRegions = (
				en,
			);
			mainGroup = 27BEC3391E28CB8D00450877;
			productRefGroup = 27BEC3431E28CB8D00450877 /* Products */;
			projectDirPath = "";
			projectRoot = "";
			targets = (
				27BEC3411E28CB8D00450877 /* SnakeMac */,
			);
		};
/* End PBXProject section */

/* Begin PBXSourcesBuildPhase section */
		27BEC33E1E28CB8D00450877 /* Sources */ = {
			isa = PBXSourcesBuildPhase;
			buildActionMask = 2147483647;
			files = (
				27A898CE1E28E79E00183C0D /* GlutBackend.cpp in Sources */,
				27A898CD1E28E79E00183C0D /* GameEngine.cpp in Sources */,
				27A898CC1E28E79E00183C0D /* GameBase.cpp in Sources */,
				27A898CF1E28E79E00183C0D /* main.cpp in Sources */,
				27A898CB1E28E79E00183C0D /* Apple.cpp in Sources */,
				27A898D11E28E79E00183C0D /* Snake.cpp in Sources */,
				27A898D21E28E79E00183C0D /* util.cpp in Sources */,
			);
			runOnlyForDeploymentPostprocessing = 0;
		};
/* End PBXSourcesBuildPhase section */

/* Begin XCBuildConfiguration section */
		27BEC3471E28CB8E00450877 /* Debug */ = {
			isa = XCBuildConfiguration;
			buildSettings = {
				ALWAYS_SEARCH_USER_PATHS = NO;
				CLANG_ANALYZER_NONNULL = YES;
				CLANG_CXX_LANGUAGE_STANDARD = "gnu++0x";
				CLANG_CXX_LIBRARY = "libc++";
				CLANG_ENABLE_MODULES = YES;
				CLANG_ENABLE_OBJC_ARC = YES;
				CLANG_WARN_BOOL_CONVERSION = YES;
				CLANG_WARN_CONSTANT_CONVERSION = YES;
				CLANG_WARN_DIRECT_OBJC_ISA_USAGE = YES_ERROR;
				CLANG_WARN_DOCUMENTATION_COMMENTS = YES;
				CLANG_WARN_EMPTY_BODY = YES;
				CLANG_WARN_ENUM_CONVERSION = YES;
				CLANG_WARN_INFINITE_RECURSION = YES;
				CLANG_WARN_INT_CONVERSION = YES;
				CLANG_WARN_OBJC_ROOT_CLASS = YES_ERROR;
				CLANG_WARN_SUSPICIOUS_MOVE = YES;
				CLANG_WARN_UNREACHABLE_CODE = YES;
				CLANG_WARN__DUPLICATE_METHOD_MATCH = YES;
				CODE_SIGN_IDENTITY = "-";
				COPY_PHASE_STRIP = NO;
				DEBUG_INFORMATION_FORMAT = dwarf;
				ENABLE_STRICT_OBJC_MSGSEND = YES;
				ENABLE_TESTABILITY = YES;
				GCC_C_LANGUAGE_STANDARD = gnu99;
				GCC_DYNAMIC_NO_PIC = NO;
				GCC_NO_COMMON_BLOCKS = YES;
				GCC_OPTIMIZATION_LEVEL = 0;
				GCC_PREPROCESSOR_DEFINITIONS = (
					"DEBUG=1",
					"$(inherited)",
				);
				GCC_WARN_64_TO_32_BIT_CONVERSION = YES;
				GCC_WARN_ABOUT_RETURN_TYPE = YES_ERROR;
				GCC_WARN_UNDECLARED_SELECTOR = YES;
				GCC_WARN_UNINITIALIZED_AUTOS = YES_AGGRESSIVE;
				GCC_WARN_UNUSED_FUNCTION = YES;
				GCC_WARN_UNUSED_VARIABLE = YES;
				MACOSX_DEPLOYMENT_TARGET = 10.12;
				MTL_ENABLE_DEBUG_INFO = YES;
				ONLY_ACTIVE_ARCH = YES;
				SDKROOT = macosx;
			};
			name = Debug;
		};
		27BEC3481E28CB8E00450877 /* Release */ = {
			isa = XCBuildConfiguration;
			buildSettings = {
				ALWAYS_SEARCH_USER_PATHS = NO;
				CLANG_ANALYZER_NONNULL = YES;
				CLANG_CXX_LANGUAGE_STANDARD = "gnu++0x";
				CLANG_CXX_LIBRARY = "libc++";
				CLANG_ENABLE_MODULES = YES;
				CLANG_ENABLE_OBJC_ARC = YES;
				CLANG_WARN_BOOL_CONVERSION = YES;
				CLANG_WARN_CONSTANT_CONVERSION = YES;
				CLANG_WARN_DIRECT_OBJC_ISA_USAGE = YES_ERROR;
				CLANG_WARN_DOCUMENTATION_COMMENTS = YES;
				CLANG_WARN_EMPTY_BODY = YES;
				CLANG_WARN_ENUM_CONVERSION = YES;
				CLANG_WARN_INFINITE_RECURSION = YES;
				CLANG_WARN_INT_CONVERSION = YES;
				CLANG_WARN_OBJC_ROOT_CLASS = YES_ERROR;
				CLANG_WARN_SUSPICIOUS_MOVE = YES;
				CLANG_WARN_UNREACHABLE_CODE = YES;
				CLANG_WARN__DUPLICATE_METHOD_MATCH = YES;
				CODE_SIGN_IDENTITY = "-";
				COPY_PHASE_STRIP = NO;
				DEBUG_INFORMATION_FORMAT = "dwarf-with-dsym";
				ENABLE_NS_ASSERTIONS = NO;
				ENABLE_STRICT_OBJC_MSGSEND = YES;
				GCC_C_LANGUAGE_STANDARD = gnu99;
				GCC_NO_COMMON_BLOCKS = YES;
				GCC_WARN_64_TO_32_BIT_CONVERSION = YES;
				GCC_WARN_ABOUT_RETURN_TYPE = YES_ERROR;
				GCC_WARN_UNDECLARED_SELECTOR = YES;
				GCC_WARN_UNINITIALIZED_AUTOS = YES_AGGRESSIVE;
				GCC_WARN_UNUSED_FUNCTION = YES;
				GCC_WARN_UNUSED_VARIABLE = YES;
				MACOSX_DEPLOYMENT_TARGET = 10.12;
				MTL_ENABLE_DEBUG_INFO = NO;
				SDKROOT = macosx;
			};
			name = Release;
		};
		27BEC34A1E28CB8E00450877 /* Debug */ = {
			isa = XCBuildConfiguration;
			buildSettings = {
				HEADER_SEARCH_PATHS = /usr/local/Cellar/glew/2.0.0/include;
				LIBRARY_SEARCH_PATHS = /usr/local/Cellar/glew/2.0.0/lib;
				PRODUCT_NAME = "$(TARGET_NAME)";
			};
			name = Debug;
		};
		27BEC34B1E28CB8E00450877 /* Release */ = {
			isa = XCBuildConfiguration;
			buildSettings = {
				HEADER_SEARCH_PATHS = /usr/local/Cellar/glew/2.0.0/include;
				LIBRARY_SEARCH_PATHS = /usr/local/Cellar/glew/2.0.0/lib;
				PRODUCT_NAME = "$(TARGET_NAME)";
			};
			name = Release;
		};
/* End XCBuildConfiguration section */

/* Begin XCConfigurationList section */
		27BEC33D1E28CB8D00450877 /* Build configuration list for PBXProject "Snake" */ = {
			isa = XCConfigurationList;
			buildConfigurations = (
				27BEC3471E28CB8E00450877 /* Debug */,
				27BEC3481E28CB8E00450877 /* Release */,
			);
			defaultConfigurationIsVisible = 0;
			defaultConfigurationName = Release;
		};
		27BEC3491E28CB8E00450877 /* Build configuration list for PBXNativeTarget "SnakeMac" */ = {
			isa = XCConfigurationList;
			buildConfigurations = (
				27BEC34A1E28CB8E00450877 /* Debug */,
				27BEC34B1E28CB8E00450877 /* Release */,
			);
			defaultConfigurationIsVisible = 0;
			defaultConfigurationName = Release;
		};
/* End XCConfigurationList section */
	};
	rootObject = 27BEC33A1E28CB8D00450877 /* Project object */;
}
